// !$*UTF8*$!
{
	archiveVersion = 1;
	classes = {
	};
	objectVersion = 46;
	objects = {

/* Begin PBXBuildFile section */
		9149FE621A167EF500846866 /* AppDelegate.swift in Sources */ = {isa = PBXBuildFile; fileRef = 9149FE611A167EF500846866 /* AppDelegate.swift */; };
		9149FE641A167EF500846866 /* ViewController.swift in Sources */ = {isa = PBXBuildFile; fileRef = 9149FE631A167EF500846866 /* ViewController.swift */; };
		9149FE671A167EF500846866 /* Main.storyboard in Resources */ = {isa = PBXBuildFile; fileRef = 9149FE651A167EF500846866 /* Main.storyboard */; };
		9149FE691A167EF500846866 /* Images.xcassets in Resources */ = {isa = PBXBuildFile; fileRef = 9149FE681A167EF500846866 /* Images.xcassets */; };
		9149FE751A167EF600846866 /* SwiftcardTests.swift in Sources */ = {isa = PBXBuildFile; fileRef = 9149FE741A167EF600846866 /* SwiftcardTests.swift */; };
/* End PBXBuildFile section */

/* Begin PBXContainerItemProxy section */
		9149FE6F1A167EF600846866 /* PBXContainerItemProxy */ = {
			isa = PBXContainerItemProxy;
			containerPortal = 9149FE541A167EF500846866 /* Project object */;
			proxyType = 1;
			remoteGlobalIDString = 9149FE5B1A167EF500846866;
			remoteInfo = Swiftcard;
		};
/* End PBXContainerItemProxy section */

/* Begin PBXFileReference section */
		9149FE5C1A167EF500846866 /* Swiftcard.app */ = {isa = PBXFileReference; explicitFileType = wrapper.application; includeInIndex = 0; path = Swiftcard.app; sourceTree = BUILT_PRODUCTS_DIR; };
		9149FE601A167EF500846866 /* Info.plist */ = {isa = PBXFileReference; lastKnownFileType = text.plist.xml; path = Info.plist; sourceTree = "<group>"; };
		9149FE611A167EF500846866 /* AppDelegate.swift */ = {isa = PBXFileReference; lastKnownFileType = sourcecode.swift; path = AppDelegate.swift; sourceTree = "<group>"; };
		9149FE631A167EF500846866 /* ViewController.swift */ = {isa = PBXFileReference; lastKnownFileType = sourcecode.swift; path = ViewController.swift; sourceTree = "<group>"; };
		9149FE661A167EF500846866 /* Base */ = {isa = PBXFileReference; lastKnownFileType = file.storyboard; name = Base; path = Base.lproj/Main.storyboard; sourceTree = "<group>"; };
		9149FE681A167EF500846866 /* Images.xcassets */ = {isa = PBXFileReference; lastKnownFileType = folder.assetcatalog; path = Images.xcassets; sourceTree = "<group>"; };
		9149FE6E1A167EF600846866 /* SwiftcardTests.xctest */ = {isa = PBXFileReference; explicitFileType = wrapper.cfbundle; includeInIndex = 0; path = SwiftcardTests.xctest; sourceTree = BUILT_PRODUCTS_DIR; };
		9149FE731A167EF600846866 /* Info.plist */ = {isa = PBXFileReference; lastKnownFileType = text.plist.xml; path = Info.plist; sourceTree = "<group>"; };
		9149FE741A167EF600846866 /* SwiftcardTests.swift */ = {isa = PBXFileReference; lastKnownFileType = sourcecode.swift; path = SwiftcardTests.swift; sourceTree = "<group>"; };
/* End PBXFileReference section */

/* Begin PBXFrameworksBuildPhase section */
		9149FE591A167EF500846866 /* Frameworks */ = {
			isa = PBXFrameworksBuildPhase;
			buildActionMask = 2147483647;
			files = (
			);
			runOnlyForDeploymentPostprocessing = 0;
		};
		9149FE6B1A167EF600846866 /* Frameworks */ = {
			isa = PBXFrameworksBuildPhase;
			buildActionMask = 2147483647;
			files = (
			);
			runOnlyForDeploymentPostprocessing = 0;
		};
/* End PBXFrameworksBuildPhase section */

/* Begin PBXGroup section */
		9149FE531A167EF500846866 = {
			isa = PBXGroup;
			children = (
				9149FE5E1A167EF500846866 /* Swiftcard */,
				9149FE711A167EF600846866 /* SwiftcardTests */,
				9149FE5D1A167EF500846866 /* Products */,
			);
			sourceTree = "<group>";
		};
		9149FE5D1A167EF500846866 /* Products */ = {
			isa = PBXGroup;
			children = (
				9149FE5C1A167EF500846866 /* Swiftcard.app */,
				9149FE6E1A167EF600846866 /* SwiftcardTests.xctest */,
			);
			name = Products;
			sourceTree = "<group>";
		};
		9149FE5E1A167EF500846866 /* Swiftcard */ = {
			isa = PBXGroup;
			children = (
				9149FE611A167EF500846866 /* AppDelegate.swift */,
				9149FE631A167EF500846866 /* ViewController.swift */,
				9149FE651A167EF500846866 /* Main.storyboard */,
				9149FE681A167EF500846866 /* Images.xcassets */,
				9149FE5F1A167EF500846866 /* Supporting Files */,
			);
			path = Swiftcard;
			sourceTree = "<group>";
		};
		9149FE5F1A167EF500846866 /* Supporting Files */ = {
			isa = PBXGroup;
			children = (
				9149FE601A167EF500846866 /* Info.plist */,
			);
			name = "Supporting Files";
			sourceTree = "<group>";
		};
		9149FE711A167EF600846866 /* SwiftcardTests */ = {
			isa = PBXGroup;
			children = (
				9149FE741A167EF600846866 /* SwiftcardTests.swift */,
				9149FE721A167EF600846866 /* Supporting Files */,
			);
			path = SwiftcardTests;
			sourceTree = "<group>";
		};
		9149FE721A167EF600846866 /* Supporting Files */ = {
			isa = PBXGroup;
			children = (
				9149FE731A167EF600846866 /* Info.plist */,
			);
			name = "Supporting Files";
			sourceTree = "<group>";
		};
/* End PBXGroup section */

/* Begin PBXNativeTarget section */
		9149FE5B1A167EF500846866 /* Swiftcard */ = {
			isa = PBXNativeTarget;
			buildConfigurationList = 9149FE781A167EF600846866 /* Build configuration list for PBXNativeTarget "Swiftcard" */;
			buildPhases = (
				9149FE581A167EF500846866 /* Sources */,
				9149FE591A167EF500846866 /* Frameworks */,
				9149FE5A1A167EF500846866 /* Resources */,
			);
			buildRules = (
			);
			dependencies = (
			);
			name = Swiftcard;
			productName = Swiftcard;
			productReference = 9149FE5C1A167EF500846866 /* Swiftcard.app */;
			productType = "com.apple.product-type.application";
		};
		9149FE6D1A167EF600846866 /* SwiftcardTests */ = {
			isa = PBXNativeTarget;
			buildConfigurationList = 9149FE7B1A167EF600846866 /* Build configuration list for PBXNativeTarget "SwiftcardTests" */;
			buildPhases = (
				9149FE6A1A167EF600846866 /* Sources */,
				9149FE6B1A167EF600846866 /* Frameworks */,
				9149FE6C1A167EF600846866 /* Resources */,
			);
			buildRules = (
			);
			dependencies = (
				9149FE701A167EF600846866 /* PBXTargetDependency */,
			);
			name = SwiftcardTests;
			productName = SwiftcardTests;
			productReference = 9149FE6E1A167EF600846866 /* SwiftcardTests.xctest */;
			productType = "com.apple.product-type.bundle.unit-test";
		};
/* End PBXNativeTarget section */

/* Begin PBXProject section */
		9149FE541A167EF500846866 /* Project object */ = {
			isa = PBXProject;
			attributes = {
				LastUpgradeCheck = 0600;
				ORGANIZATIONNAME = JLC;
				TargetAttributes = {
					9149FE5B1A167EF500846866 = {
						CreatedOnToolsVersion = 6.0;
					};
					9149FE6D1A167EF600846866 = {
						CreatedOnToolsVersion = 6.0;
						TestTargetID = 9149FE5B1A167EF500846866;
					};
				};
			};
			buildConfigurationList = 9149FE571A167EF500846866 /* Build configuration list for PBXProject "Swiftcard" */;
			compatibilityVersion = "Xcode 3.2";
			developmentRegion = English;
			hasScannedForEncodings = 0;
			knownRegions = (
				en,
				Base,
			);
			mainGroup = 9149FE531A167EF500846866;
			productRefGroup = 9149FE5D1A167EF500846866 /* Products */;
			projectDirPath = "";
			projectRoot = "";
			targets = (
				9149FE5B1A167EF500846866 /* Swiftcard */,
				9149FE6D1A167EF600846866 /* SwiftcardTests */,
			);
		};
/* End PBXProject section */

/* Begin PBXResourcesBuildPhase section */
		9149FE5A1A167EF500846866 /* Resources */ = {
			isa = PBXResourcesBuildPhase;
			buildActionMask = 2147483647;
			files = (
				9149FE671A167EF500846866 /* Main.storyboard in Resources */,
				9149FE691A167EF500846866 /* Images.xcassets in Resources */,
			);
			runOnlyForDeploymentPostprocessing = 0;
		};
		9149FE6C1A167EF600846866 /* Resources */ = {
			isa = PBXResourcesBuildPhase;
			buildActionMask = 2147483647;
			files = (
			);
			runOnlyForDeploymentPostprocessing = 0;
		};
/* End PBXResourcesBuildPhase section */

/* Begin PBXSourcesBuildPhase section */
		9149FE581A167EF500846866 /* Sources */ = {
			isa = PBXSourcesBuildPhase;
			buildActionMask = 2147483647;
			files = (
				9149FE641A167EF500846866 /* ViewController.swift in Sources */,
				9149FE621A167EF500846866 /* AppDelegate.swift in Sources */,
			);
			runOnlyForDeploymentPostprocessing = 0;
		};
		9149FE6A1A167EF600846866 /* Sources */ = {
			isa = PBXSourcesBuildPhase;
			buildActionMask = 2147483647;
			files = (
				9149FE751A167EF600846866 /* SwiftcardTests.swift in Sources */,
			);
			runOnlyForDeploymentPostprocessing = 0;
		};
/* End PBXSourcesBuildPhase section */

/* Begin PBXTargetDependency section */
		9149FE701A167EF600846866 /* PBXTargetDependency */ = {
			isa = PBXTargetDependency;
			target = 9149FE5B1A167EF500846866 /* Swiftcard */;
			targetProxy = 9149FE6F1A167EF600846866 /* PBXContainerItemProxy */;
		};
/* End PBXTargetDependency section */

/* Begin PBXVariantGroup section */
		9149FE651A167EF500846866 /* Main.storyboard */ = {
			isa = PBXVariantGroup;
			children = (
				9149FE661A167EF500846866 /* Base */,
			);
			name = Main.storyboard;
			sourceTree = "<group>";
		};
/* End PBXVariantGroup section */

/* Begin XCBuildConfiguration section */
		9149FE761A167EF600846866 /* Debug */ = {
			isa = XCBuildConfiguration;
			buildSettings = {
				ALWAYS_SEARCH_USER_PATHS = NO;
				CLANG_CXX_LANGUAGE_STANDARD = "gnu++0x";
				CLANG_CXX_LIBRARY = "libc++";
				CLANG_ENABLE_MODULES = YES;
				CLANG_ENABLE_OBJC_ARC = YES;
				CLANG_WARN_BOOL_CONVERSION = YES;
				CLANG_WARN_CONSTANT_CONVERSION = YES;
				CLANG_WARN_DIRECT_OBJC_ISA_USAGE = YES_ERROR;
				CLANG_WARN_EMPTY_BODY = YES;
				CLANG_WARN_ENUM_CONVERSION = YES;
				CLANG_WARN_INT_CONVERSION = YES;
				CLANG_WARN_OBJC_ROOT_CLASS = YES_ERROR;
				CLANG_WARN_UNREACHABLE_CODE = YES;
				CLANG_WARN__DUPLICATE_METHOD_MATCH = YES;
				"CODE_SIGN_IDENTITY[sdk=iphoneos*]" = "iPhone Developer";
				COPY_PHASE_STRIP = NO;
				ENABLE_STRICT_OBJC_MSGSEND = YES;
				GCC_C_LANGUAGE_STANDARD = gnu99;
				GCC_DYNAMIC_NO_PIC = NO;
				GCC_OPTIMIZATION_LEVEL = 0;
				GCC_PREPROCESSOR_DEFINITIONS = (
					"DEBUG=1",
					"$(inherited)",
				);
				GCC_SYMBOLS_PRIVATE_EXTERN = NO;
				GCC_WARN_64_TO_32_BIT_CONVERSION = YES;
				GCC_WARN_ABOUT_RETURN_TYPE = YES_ERROR;
				GCC_WARN_UNDECLARED_SELECTOR = YES;
				GCC_WARN_UNINITIALIZED_AUTOS = YES_AGGRESSIVE;
				GCC_WARN_UNUSED_FUNCTION = YES;
				GCC_WARN_UNUSED_VARIABLE = YES;
				IPHONEOS_DEPLOYMENT_TARGET = 8.0;
				MTL_ENABLE_DEBUG_INFO = YES;
				ONLY_ACTIVE_ARCH = YES;
				SDKROOT = iphoneos;
				SWIFT_OPTIMIZATION_LEVEL = "-Onone";
				TARGETED_DEVICE_FAMILY = "1,2";
			};
			name = Debug;
		};
		9149FE771A167EF600846866 /* Release */ = {
			isa = XCBuildConfiguration;
			buildSettings = {
				ALWAYS_SEARCH_USER_PATHS = NO;
				CLANG_CXX_LANGUAGE_STANDARD = "gnu++0x";
				CLANG_CXX_LIBRARY = "libc++";
				CLANG_ENABLE_MODULES = YES;
				CLANG_ENABLE_OBJC_ARC = YES;
				CLANG_WARN_BOOL_CONVERSION = YES;
				CLANG_WARN_CONSTANT_CONVERSION = YES;
				CLANG_WARN_DIRECT_OBJC_ISA_USAGE = YES_ERROR;
				CLANG_WARN_EMPTY_BODY = YES;
				CLANG_WARN_ENUM_CONVERSION = YES;
				CLANG_WARN_INT_CONVERSION = YES;
				CLANG_WARN_OBJC_ROOT_CLASS = YES_ERROR;
				CLANG_WARN_UNREACHABLE_CODE = YES;
				CLANG_WARN__DUPLICATE_METHOD_MATCH = YES;
				"CODE_SIGN_IDENTITY[sdk=iphoneos*]" = "iPhone Developer";
				COPY_PHASE_STRIP = YES;
				ENABLE_NS_ASSERTIONS = NO;
				ENABLE_STRICT_OBJC_MSGSEND = YES;
				GCC_C_LANGUAGE_STANDARD = gnu99;
				GCC_WARN_64_TO_32_BIT_CONVERSION = YES;
				GCC_WARN_ABOUT_RETURN_TYPE = YES_ERROR;
				GCC_WARN_UNDECLARED_SELECTOR = YES;
				GCC_WARN_UNINITIALIZED_AUTOS = YES_AGGRESSIVE;
				GCC_WARN_UNUSED_FUNCTION = YES;
				GCC_WARN_UNUSED_VARIABLE = YES;
				IPHONEOS_DEPLOYMENT_TARGET = 8.0;
				MTL_ENABLE_DEBUG_INFO = NO;
				SDKROOT = iphoneos;
				TARGETED_DEVICE_FAMILY = "1,2";
				VALIDATE_PRODUCT = YES;
			};
			name = Release;
		};
		9149FE791A167EF600846866 /* Debug */ = {
			isa = XCBuildConfiguration;
			buildSettings = {
				ASSETCATALOG_COMPILER_APPICON_NAME = AppIcon;
				ASSETCATALOG_COMPILER_LAUNCHIMAGE_NAME = LaunchImage;
				INFOPLIST_FILE = Swiftcard/Info.plist;
				LD_RUNPATH_SEARCH_PATHS = "$(inherited) @executable_path/Frameworks";
				PRODUCT_NAME = "$(TARGET_NAME)";
			};
			name = Debug;
		};
		9149FE7A1A167EF600846866 /* Release */ = {
			isa = XCBuildConfiguration;
			buildSettings = {
				ASSETCATALOG_COMPILER_APPICON_NAME = AppIcon;
				ASSETCATALOG_COMPILER_LAUNCHIMAGE_NAME = LaunchImage;
				INFOPLIST_FILE = Swiftcard/Info.plist;
				LD_RUNPATH_SEARCH_PATHS = "$(inherited) @executable_path/Frameworks";
				PRODUCT_NAME = "$(TARGET_NAME)";
			};
			name = Release;
		};
		9149FE7C1A167EF600846866 /* Debug */ = {
			isa = XCBuildConfiguration;
			buildSettings = {
				BUNDLE_LOADER = "$(BUILT_PRODUCTS_DIR)/Swiftcard.app/Swiftcard";
				FRAMEWORK_SEARCH_PATHS = (
					"$(SDKROOT)/Developer/Library/Frameworks",
					"$(inherited)",
				);
				GCC_PREPROCESSOR_DEFINITIONS = (
					"DEBUG=1",
					"$(inherited)",
				);
				INFOPLIST_FILE = SwiftcardTests/Info.plist;
				LD_RUNPATH_SEARCH_PATHS = "$(inherited) @executable_path/Frameworks @loader_path/Frameworks";
				PRODUCT_NAME = "$(TARGET_NAME)";
				TEST_HOST = "$(BUNDLE_LOADER)";
			};
			name = Debug;
		};
		9149FE7D1A167EF600846866 /* Release */ = {
			isa = XCBuildConfiguration;
			buildSettings = {
				BUNDLE_LOADER = "$(BUILT_PRODUCTS_DIR)/Swiftcard.app/Swiftcard";
				FRAMEWORK_SEARCH_PATHS = (
					"$(SDKROOT)/Developer/Library/Frameworks",
					"$(inherited)",
				);
				INFOPLIST_FILE = SwiftcardTests/Info.plist;
				LD_RUNPATH_SEARCH_PATHS = "$(inherited) @executable_path/Frameworks @loader_path/Frameworks";
				PRODUCT_NAME = "$(TARGET_NAME)";
				TEST_HOST = "$(BUNDLE_LOADER)";
			};
			name = Release;
		};
/* End XCBuildConfiguration section */

/* Begin XCConfigurationList section */
		9149FE571A167EF500846866 /* Build configuration list for PBXProject "Swiftcard" */ = {
			isa = XCConfigurationList;
			buildConfigurations = (
				9149FE761A167EF600846866 /* Debug */,
				9149FE771A167EF600846866 /* Release */,
			);
			defaultConfigurationIsVisible = 0;
			defaultConfigurationName = Release;
		};
		9149FE781A167EF600846866 /* Build configuration list for PBXNativeTarget "Swiftcard" */ = {
			isa = XCConfigurationList;
			buildConfigurations = (
				9149FE791A167EF600846866 /* Debug */,
				9149FE7A1A167EF600846866 /* Release */,
			);
			defaultConfigurationIsVisible = 0;
		};
		9149FE7B1A167EF600846866 /* Build configuration list for PBXNativeTarget "SwiftcardTests" */ = {
			isa = XCConfigurationList;
			buildConfigurations = (
				9149FE7C1A167EF600846866 /* Debug */,
				9149FE7D1A167EF600846866 /* Release */,
			);
			defaultConfigurationIsVisible = 0;
		};
/* End XCConfigurationList section */
	};
	rootObject = 9149FE541A167EF500846866 /* Project object */;
}
